// !$*UTF8*$!
{
	archiveVersion = 1;
	classes = {
	};
	objectVersion = 56;
	objects = {

/* Begin PBXBuildFile section */
		5331758129B812C2006938A9 /* SwiftBassDemoApp.swift in Sources */ = {isa = PBXBuildFile; fileRef = 5331758029B812C2006938A9 /* SwiftBassDemoApp.swift */; };
		5331758329B812C2006938A9 /* ContentView.swift in Sources */ = {isa = PBXBuildFile; fileRef = 5331758229B812C2006938A9 /* ContentView.swift */; };
		5331758529B812C3006938A9 /* Assets.xcassets in Resources */ = {isa = PBXBuildFile; fileRef = 5331758429B812C3006938A9 /* Assets.xcassets */; };
		5331758929B812C3006938A9 /* Preview Assets.xcassets in Resources */ = {isa = PBXBuildFile; fileRef = 5331758829B812C3006938A9 /* Preview Assets.xcassets */; };
		5331759329B81654006938A9 /* libbass.dylib in Frameworks */ = {isa = PBXBuildFile; fileRef = 5331759129B81654006938A9 /* libbass.dylib */; platformFilters = (macos, ); };
		5331759429B8190C006938A9 /* bass.xcframework in Frameworks */ = {isa = PBXBuildFile; fileRef = 5331759029B81654006938A9 /* bass.xcframework */; platformFilter = ios; };
		5331759529B8190C006938A9 /* bass.xcframework in Embed Frameworks */ = {isa = PBXBuildFile; fileRef = 5331759029B81654006938A9 /* bass.xcframework */; platformFilter = ios; settings = {ATTRIBUTES = (CodeSignOnCopy, RemoveHeadersOnCopy, ); }; };
		5331759729B8190F006938A9 /* libbass.dylib in Embed Frameworks */ = {isa = PBXBuildFile; fileRef = 5331759129B81654006938A9 /* libbass.dylib */; platformFilters = (macos, ); settings = {ATTRIBUTES = (CodeSignOnCopy, ); }; };
		5331759A29B81DAA006938A9 /* AudioManager.swift in Sources */ = {isa = PBXBuildFile; fileRef = 5331759929B81DAA006938A9 /* AudioManager.swift */; };
		5331759C29B81F21006938A9 /* Spectrum.swift in Sources */ = {isa = PBXBuildFile; fileRef = 5331759B29B81F21006938A9 /* Spectrum.swift */; };
		5331759E29B81FDA006938A9 /* music.mp3 in Resources */ = {isa = PBXBuildFile; fileRef = 5331759D29B81FDA006938A9 /* music.mp3 */; };
/* End PBXBuildFile section */

/* Begin PBXCopyFilesBuildPhase section */
		5331759629B8190C006938A9 /* Embed Frameworks */ = {
			isa = PBXCopyFilesBuildPhase;
			buildActionMask = 2147483647;
			dstPath = "";
			dstSubfolderSpec = 10;
			files = (
				5331759529B8190C006938A9 /* bass.xcframework in Embed Frameworks */,
				5331759729B8190F006938A9 /* libbass.dylib in Embed Frameworks */,
			);
			name = "Embed Frameworks";
			runOnlyForDeploymentPostprocessing = 0;
		};
/* End PBXCopyFilesBuildPhase section */

/* Begin PBXFileReference section */
		5331757D29B812C2006938A9 /* SwiftBassDemo.app */ = {isa = PBXFileReference; explicitFileType = wrapper.application; includeInIndex = 0; path = SwiftBassDemo.app; sourceTree = BUILT_PRODUCTS_DIR; };
		5331758029B812C2006938A9 /* SwiftBassDemoApp.swift */ = {isa = PBXFileReference; lastKnownFileType = sourcecode.swift; path = SwiftBassDemoApp.swift; sourceTree = "<group>"; };
		5331758229B812C2006938A9 /* ContentView.swift */ = {isa = PBXFileReference; lastKnownFileType = sourcecode.swift; path = ContentView.swift; sourceTree = "<group>"; };
		5331758429B812C3006938A9 /* Assets.xcassets */ = {isa = PBXFileReference; lastKnownFileType = folder.assetcatalog; path = Assets.xcassets; sourceTree = "<group>"; };
		5331758629B812C3006938A9 /* SwiftBassDemo.entitlements */ = {isa = PBXFileReference; lastKnownFileType = text.plist.entitlements; path = SwiftBassDemo.entitlements; sourceTree = "<group>"; };
		5331758829B812C3006938A9 /* Preview Assets.xcassets */ = {isa = PBXFileReference; lastKnownFileType = folder.assetcatalog; path = "Preview Assets.xcassets"; sourceTree = "<group>"; };
		5331758F29B81654006938A9 /* bass.h */ = {isa = PBXFileReference; fileEncoding = 4; lastKnownFileType = sourcecode.c.h; path = bass.h; sourceTree = "<group>"; };
		5331759029B81654006938A9 /* bass.xcframework */ = {isa = PBXFileReference; lastKnownFileType = wrapper.xcframework; path = bass.xcframework; sourceTree = "<group>"; };
		5331759129B81654006938A9 /* libbass.dylib */ = {isa = PBXFileReference; lastKnownFileType = "compiled.mach-o.dylib"; path = libbass.dylib; sourceTree = "<group>"; };
		5331759829B8195E006938A9 /* bridging-header.h */ = {isa = PBXFileReference; fileEncoding = 4; lastKnownFileType = sourcecode.c.h; path = "bridging-header.h"; sourceTree = "<group>"; };
		5331759929B81DAA006938A9 /* AudioManager.swift */ = {isa = PBXFileReference; fileEncoding = 4; lastKnownFileType = sourcecode.swift; path = AudioManager.swift; sourceTree = "<group>"; };
		5331759B29B81F21006938A9 /* Spectrum.swift */ = {isa = PBXFileReference; fileEncoding = 4; lastKnownFileType = sourcecode.swift; path = Spectrum.swift; sourceTree = "<group>"; };
		5331759D29B81FDA006938A9 /* music.mp3 */ = {isa = PBXFileReference; lastKnownFileType = audio.mp3; path = music.mp3; sourceTree = "<group>"; };
		5364AC8E29B8EE3C00564E1D /* Info.plist */ = {isa = PBXFileReference; lastKnownFileType = text.plist; path = Info.plist; sourceTree = "<group>"; };
/* End PBXFileReference section */

/* Begin PBXFrameworksBuildPhase section */
		5331757A29B812C2006938A9 /* Frameworks */ = {
			isa = PBXFrameworksBuildPhase;
			buildActionMask = 2147483647;
			files = (
				5331759429B8190C006938A9 /* bass.xcframework in Frameworks */,
				5331759329B81654006938A9 /* libbass.dylib in Frameworks */,
			);
			runOnlyForDeploymentPostprocessing = 0;
		};
/* End PBXFrameworksBuildPhase section */

/* Begin PBXGroup section */
		5331757429B812C2006938A9 = {
			isa = PBXGroup;
			children = (
				5331759D29B81FDA006938A9 /* music.mp3 */,
				5331759829B8195E006938A9 /* bridging-header.h */,
				5331758F29B81654006938A9 /* bass.h */,
				5331759029B81654006938A9 /* bass.xcframework */,
				5331759129B81654006938A9 /* libbass.dylib */,
				5331757F29B812C2006938A9 /* SwiftBassDemo */,
				5331757E29B812C2006938A9 /* Products */,
			);
			sourceTree = "<group>";
		};
		5331757E29B812C2006938A9 /* Products */ = {
			isa = PBXGroup;
			children = (
				5331757D29B812C2006938A9 /* SwiftBassDemo.app */,
			);
			name = Products;
			sourceTree = "<group>";
		};
		5331757F29B812C2006938A9 /* SwiftBassDemo */ = {
			isa = PBXGroup;
			children = (
				5364AC8E29B8EE3C00564E1D /* Info.plist */,
				5331759B29B81F21006938A9 /* Spectrum.swift */,
				5331759929B81DAA006938A9 /* AudioManager.swift */,
				5331758029B812C2006938A9 /* SwiftBassDemoApp.swift */,
				5331758229B812C2006938A9 /* ContentView.swift */,
				5331758429B812C3006938A9 /* Assets.xcassets */,
				5331758629B812C3006938A9 /* SwiftBassDemo.entitlements */,
				5331758729B812C3006938A9 /* Preview Content */,
			);
			path = SwiftBassDemo;
			sourceTree = "<group>";
		};
		5331758729B812C3006938A9 /* Preview Content */ = {
			isa = PBXGroup;
			children = (
				5331758829B812C3006938A9 /* Preview Assets.xcassets */,
			);
			path = "Preview Content";
			sourceTree = "<group>";
		};
/* End PBXGroup section */

/* Begin PBXNativeTarget section */
		5331757C29B812C2006938A9 /* SwiftBassDemo */ = {
			isa = PBXNativeTarget;
			buildConfigurationList = 5331758C29B812C3006938A9 /* Build configuration list for PBXNativeTarget "SwiftBassDemo" */;
			buildPhases = (
				5331757929B812C2006938A9 /* Sources */,
				5331757A29B812C2006938A9 /* Frameworks */,
				5331757B29B812C2006938A9 /* Resources */,
				5331759629B8190C006938A9 /* Embed Frameworks */,
			);
			buildRules = (
			);
			dependencies = (
			);
			name = SwiftBassDemo;
			productName = SwiftBassDemo;
			productReference = 5331757D29B812C2006938A9 /* SwiftBassDemo.app */;
			productType = "com.apple.product-type.application";
		};
/* End PBXNativeTarget section */

/* Begin PBXProject section */
		5331757529B812C2006938A9 /* Project object */ = {
			isa = PBXProject;
			attributes = {
				BuildIndependentTargetsInParallel = 1;
				LastSwiftUpdateCheck = 1420;
				LastUpgradeCheck = 1420;
				TargetAttributes = {
					5331757C29B812C2006938A9 = {
						CreatedOnToolsVersion = 14.2;
					};
				};
			};
			buildConfigurationList = 5331757829B812C2006938A9 /* Build configuration list for PBXProject "SwiftBassDemo" */;
			compatibilityVersion = "Xcode 14.0";
			developmentRegion = en;
			hasScannedForEncodings = 0;
			knownRegions = (
				en,
				Base,
			);
			mainGroup = 5331757429B812C2006938A9;
			productRefGroup = 5331757E29B812C2006938A9 /* Products */;
			projectDirPath = "";
			projectRoot = "";
			targets = (
				5331757C29B812C2006938A9 /* SwiftBassDemo */,
			);
		};
/* End PBXProject section */

/* Begin PBXResourcesBuildPhase section */
		5331757B29B812C2006938A9 /* Resources */ = {
			isa = PBXResourcesBuildPhase;
			buildActionMask = 2147483647;
			files = (
				5331758929B812C3006938A9 /* Preview Assets.xcassets in Resources */,
				5331758529B812C3006938A9 /* Assets.xcassets in Resources */,
				5331759E29B81FDA006938A9 /* music.mp3 in Resources */,
			);
			runOnlyForDeploymentPostprocessing = 0;
		};
/* End PBXResourcesBuildPhase section */

/* Begin PBXSourcesBuildPhase section */
		5331757929B812C2006938A9 /* Sources */ = {
			isa = PBXSourcesBuildPhase;
			buildActionMask = 2147483647;
			files = (
				5331759C29B81F21006938A9 /* Spectrum.swift in Sources */,
				5331759A29B81DAA006938A9 /* AudioManager.swift in Sources */,
				5331758329B812C2006938A9 /* ContentView.swift in Sources */,
				5331758129B812C2006938A9 /* SwiftBassDemoApp.swift in Sources */,
			);
			runOnlyForDeploymentPostprocessing = 0;
		};
/* End PBXSourcesBuildPhase section */

/* Begin XCBuildConfiguration section */
		5331758A29B812C3006938A9 /* Debug */ = {
			isa = XCBuildConfiguration;
			buildSettings = {
				ALWAYS_SEARCH_USER_PATHS = NO;
				CLANG_ANALYZER_NONNULL = YES;
				CLANG_ANALYZER_NUMBER_OBJECT_CONVERSION = YES_AGGRESSIVE;
				CLANG_CXX_LANGUAGE_STANDARD = "gnu++20";
				CLANG_ENABLE_MODULES = YES;
				CLANG_ENABLE_OBJC_ARC = YES;
				CLANG_ENABLE_OBJC_WEAK = YES;
				CLANG_WARN_BLOCK_CAPTURE_AUTORELEASING = YES;
				CLANG_WARN_BOOL_CONVERSION = YES;
				CLANG_WARN_COMMA = YES;
				CLANG_WARN_CONSTANT_CONVERSION = YES;
				CLANG_WARN_DEPRECATED_OBJC_IMPLEMENTATIONS = YES;
				CLANG_WARN_DIRECT_OBJC_ISA_USAGE = YES_ERROR;
				CLANG_WARN_DOCUMENTATION_COMMENTS = YES;
				CLANG_WARN_EMPTY_BODY = YES;
				CLANG_WARN_ENUM_CONVERSION = YES;
				CLANG_WARN_INFINITE_RECURSION = YES;
				CLANG_WARN_INT_CONVERSION = YES;
				CLANG_WARN_NON_LITERAL_NULL_CONVERSION = YES;
				CLANG_WARN_OBJC_IMPLICIT_RETAIN_SELF = YES;
				CLANG_WARN_OBJC_LITERAL_CONVERSION = YES;
				CLANG_WARN_OBJC_ROOT_CLASS = YES_ERROR;
				CLANG_WARN_QUOTED_INCLUDE_IN_FRAMEWORK_HEADER = YES;
				CLANG_WARN_RANGE_LOOP_ANALYSIS = YES;
				CLANG_WARN_STRICT_PROTOTYPES = YES;
				CLANG_WARN_SUSPICIOUS_MOVE = YES;
				CLANG_WARN_UNGUARDED_AVAILABILITY = YES_AGGRESSIVE;
				CLANG_WARN_UNREACHABLE_CODE = YES;
				CLANG_WARN__DUPLICATE_METHOD_MATCH = YES;
				COPY_PHASE_STRIP = NO;
				DEBUG_INFORMATION_FORMAT = dwarf;
				ENABLE_STRICT_OBJC_MSGSEND = YES;
				ENABLE_TESTABILITY = YES;
				GCC_C_LANGUAGE_STANDARD = gnu11;
				GCC_DYNAMIC_NO_PIC = NO;
				GCC_NO_COMMON_BLOCKS = YES;
				GCC_OPTIMIZATION_LEVEL = 0;
				GCC_PREPROCESSOR_DEFINITIONS = (
					"DEBUG=1",
					"$(inherited)",
				);
				GCC_WARN_64_TO_32_BIT_CONVERSION = YES;
				GCC_WARN_ABOUT_RETURN_TYPE = YES_ERROR;
				GCC_WARN_UNDECLARED_SELECTOR = YES;
				GCC_WARN_UNINITIALIZED_AUTOS = YES_AGGRESSIVE;
				GCC_WARN_UNUSED_FUNCTION = YES;
				GCC_WARN_UNUSED_VARIABLE = YES;
				MTL_ENABLE_DEBUG_INFO = INCLUDE_SOURCE;
				MTL_FAST_MATH = YES;
				ONLY_ACTIVE_ARCH = YES;
				SWIFT_ACTIVE_COMPILATION_CONDITIONS = DEBUG;
				"SWIFT_OBJC_BRIDGING_HEADER[arch=*]" = "bridging-header.h";
				SWIFT_OPTIMIZATION_LEVEL = "-Onone";
			};
			name = Debug;
		};
		5331758B29B812C3006938A9 /* Release */ = {
			isa = XCBuildConfiguration;
			buildSettings = {
				ALWAYS_SEARCH_USER_PATHS = NO;
				CLANG_ANALYZER_NONNULL = YES;
				CLANG_ANALYZER_NUMBER_OBJECT_CONVERSION = YES_AGGRESSIVE;
				CLANG_CXX_LANGUAGE_STANDARD = "gnu++20";
				CLANG_ENABLE_MODULES = YES;
				CLANG_ENABLE_OBJC_ARC = YES;
				CLANG_ENABLE_OBJC_WEAK = YES;
				CLANG_WARN_BLOCK_CAPTURE_AUTORELEASING = YES;
				CLANG_WARN_BOOL_CONVERSION = YES;
				CLANG_WARN_COMMA = YES;
				CLANG_WARN_CONSTANT_CONVERSION = YES;
				CLANG_WARN_DEPRECATED_OBJC_IMPLEMENTATIONS = YES;
				CLANG_WARN_DIRECT_OBJC_ISA_USAGE = YES_ERROR;
				CLANG_WARN_DOCUMENTATION_COMMENTS = YES;
				CLANG_WARN_EMPTY_BODY = YES;
				CLANG_WARN_ENUM_CONVERSION = YES;
				CLANG_WARN_INFINITE_RECURSION = YES;
				CLANG_WARN_INT_CONVERSION = YES;
				CLANG_WARN_NON_LITERAL_NULL_CONVERSION = YES;
				CLANG_WARN_OBJC_IMPLICIT_RETAIN_SELF = YES;
				CLANG_WARN_OBJC_LITERAL_CONVERSION = YES;
				CLANG_WARN_OBJC_ROOT_CLASS = YES_ERROR;
				CLANG_WARN_QUOTED_INCLUDE_IN_FRAMEWORK_HEADER = YES;
				CLANG_WARN_RANGE_LOOP_ANALYSIS = YES;
				CLANG_WARN_STRICT_PROTOTYPES = YES;
				CLANG_WARN_SUSPICIOUS_MOVE = YES;
				CLANG_WARN_UNGUARDED_AVAILABILITY = YES_AGGRESSIVE;
				CLANG_WARN_UNREACHABLE_CODE = YES;
				CLANG_WARN__DUPLICATE_METHOD_MATCH = YES;
				COPY_PHASE_STRIP = NO;
				DEBUG_INFORMATION_FORMAT = "dwarf-with-dsym";
				ENABLE_NS_ASSERTIONS = NO;
				ENABLE_STRICT_OBJC_MSGSEND = YES;
				GCC_C_LANGUAGE_STANDARD = gnu11;
				GCC_NO_COMMON_BLOCKS = YES;
				GCC_WARN_64_TO_32_BIT_CONVERSION = YES;
				GCC_WARN_ABOUT_RETURN_TYPE = YES_ERROR;
				GCC_WARN_UNDECLARED_SELECTOR = YES;
				GCC_WARN_UNINITIALIZED_AUTOS = YES_AGGRESSIVE;
				GCC_WARN_UNUSED_FUNCTION = YES;
				GCC_WARN_UNUSED_VARIABLE = YES;
				MTL_ENABLE_DEBUG_INFO = NO;
				MTL_FAST_MATH = YES;
				SWIFT_COMPILATION_MODE = wholemodule;
				"SWIFT_OBJC_BRIDGING_HEADER[arch=*]" = "bridging-header.h";
				SWIFT_OPTIMIZATION_LEVEL = "-O";
			};
			name = Release;
		};
		5331758D29B812C3006938A9 /* Debug */ = {
			isa = XCBuildConfiguration;
			buildSettings = {
				ASSETCATALOG_COMPILER_APPICON_NAME = AppIcon;
				ASSETCATALOG_COMPILER_GLOBAL_ACCENT_COLOR_NAME = AccentColor;
				CODE_SIGN_ENTITLEMENTS = SwiftBassDemo/SwiftBassDemo.entitlements;
				CODE_SIGN_STYLE = Automatic;
				CURRENT_PROJECT_VERSION = 1;
				DEVELOPMENT_ASSET_PATHS = "\"SwiftBassDemo/Preview Content\"";
				DEVELOPMENT_TEAM = GZ962756J3;
				ENABLE_HARDENED_RUNTIME = YES;
				ENABLE_PREVIEWS = YES;
				GENERATE_INFOPLIST_FILE = YES;
				INFOPLIST_FILE = SwiftBassDemo/Info.plist;
				INFOPLIST_KEY_NSMicrophoneUsageDescription = "This app analyzes audio from the microphone input.";
				"INFOPLIST_KEY_UIApplicationSceneManifest_Generation[sdk=iphoneos*]" = YES;
				"INFOPLIST_KEY_UIApplicationSceneManifest_Generation[sdk=iphonesimulator*]" = YES;
				"INFOPLIST_KEY_UIApplicationSupportsIndirectInputEvents[sdk=iphoneos*]" = YES;
				"INFOPLIST_KEY_UIApplicationSupportsIndirectInputEvents[sdk=iphonesimulator*]" = YES;
				"INFOPLIST_KEY_UILaunchScreen_Generation[sdk=iphoneos*]" = YES;
				"INFOPLIST_KEY_UILaunchScreen_Generation[sdk=iphonesimulator*]" = YES;
				"INFOPLIST_KEY_UIStatusBarStyle[sdk=iphoneos*]" = UIStatusBarStyleDefault;
				"INFOPLIST_KEY_UIStatusBarStyle[sdk=iphonesimulator*]" = UIStatusBarStyleDefault;
				INFOPLIST_KEY_UISupportedInterfaceOrientations = "UIInterfaceOrientationLandscapeLeft UIInterfaceOrientationLandscapeRight UIInterfaceOrientationPortrait UIInterfaceOrientationPortraitUpsideDown";
				IPHONEOS_DEPLOYMENT_TARGET = 15.0;
				LD_RUNPATH_SEARCH_PATHS = "@executable_path/Frameworks";
				"LD_RUNPATH_SEARCH_PATHS[sdk=macosx*]" = "@executable_path/../Frameworks";
				LIBRARY_SEARCH_PATHS = (
					"$(inherited)",
					"$(PROJECT_DIR)",
				);
				MACOSX_DEPLOYMENT_TARGET = 12.0;
				MARKETING_VERSION = 1.0;
				PRODUCT_BUNDLE_IDENTIFIER = com.me.kbromley.SwiftBassDemo;
				PRODUCT_NAME = "$(TARGET_NAME)";
				SDKROOT = auto;
				SUPPORTED_PLATFORMS = "iphoneos iphonesimulator macosx";
				SWIFT_EMIT_LOC_STRINGS = YES;
				SWIFT_VERSION = 5.0;
				TARGETED_DEVICE_FAMILY = "1,2";
			};
			name = Debug;
		};
		5331758E29B812C3006938A9 /* Release */ = {
			isa = XCBuildConfiguration;
			buildSettings = {
				ASSETCATALOG_COMPILER_APPICON_NAME = AppIcon;
				ASSETCATALOG_COMPILER_GLOBAL_ACCENT_COLOR_NAME = AccentColor;
				CODE_SIGN_ENTITLEMENTS = SwiftBassDemo/SwiftBassDemo.entitlements;
				CODE_SIGN_STYLE = Automatic;
				CURRENT_PROJECT_VERSION = 1;
				DEVELOPMENT_ASSET_PATHS = "\"SwiftBassDemo/Preview Content\"";
				DEVELOPMENT_TEAM = GZ962756J3;
				ENABLE_HARDENED_RUNTIME = YES;
				ENABLE_PREVIEWS = YES;
				GENERATE_INFOPLIST_FILE = YES;
				INFOPLIST_FILE = SwiftBassDemo/Info.plist;
				INFOPLIST_KEY_NSMicrophoneUsageDescription = "This app analyzes audio from the microphone input.";
				"INFOPLIST_KEY_UIApplicationSceneManifest_Generation[sdk=iphoneos*]" = YES;
				"INFOPLIST_KEY_UIApplicationSceneManifest_Generation[sdk=iphonesimulator*]" = YES;
				"INFOPLIST_KEY_UIApplicationSupportsIndirectInputEvents[sdk=iphoneos*]" = YES;
				"INFOPLIST_KEY_UIApplicationSupportsIndirectInputEvents[sdk=iphonesimulator*]" = YES;
				"INFOPLIST_KEY_UILaunchScreen_Generation[sdk=iphoneos*]" = YES;
				"INFOPLIST_KEY_UILaunchScreen_Generation[sdk=iphonesimulator*]" = YES;
				"INFOPLIST_KEY_UIStatusBarStyle[sdk=iphoneos*]" = UIStatusBarStyleDefault;
				"INFOPLIST_KEY_UIStatusBarStyle[sdk=iphonesimulator*]" = UIStatusBarStyleDefault;
				INFOPLIST_KEY_UISupportedInterfaceOrientations = "UIInterfaceOrientationLandscapeLeft UIInterfaceOrientationLandscapeRight UIInterfaceOrientationPortrait UIInterfaceOrientationPortraitUpsideDown";
				IPHONEOS_DEPLOYMENT_TARGET = 15.0;
				LD_RUNPATH_SEARCH_PATHS = "@executable_path/Frameworks";
				"LD_RUNPATH_SEARCH_PATHS[sdk=macosx*]" = "@executable_path/../Frameworks";
				LIBRARY_SEARCH_PATHS = (
					"$(inherited)",
					"$(PROJECT_DIR)",
				);
				MACOSX_DEPLOYMENT_TARGET = 12.0;
				MARKETING_VERSION = 1.0;
				PRODUCT_BUNDLE_IDENTIFIER = com.me.kbromley.SwiftBassDemo;
				PRODUCT_NAME = "$(TARGET_NAME)";
				SDKROOT = auto;
				SUPPORTED_PLATFORMS = "iphoneos iphonesimulator macosx";
				SWIFT_EMIT_LOC_STRINGS = YES;
				SWIFT_VERSION = 5.0;
				TARGETED_DEVICE_FAMILY = "1,2";
			};
			name = Release;
		};
/* End XCBuildConfiguration section */

/* Begin XCConfigurationList section */
		5331757829B812C2006938A9 /* Build configuration list for PBXProject "SwiftBassDemo" */ = {
			isa = XCConfigurationList;
			buildConfigurations = (
				5331758A29B812C3006938A9 /* Debug */,
				5331758B29B812C3006938A9 /* Release */,
			);
			defaultConfigurationIsVisible = 0;
			defaultConfigurationName = Release;
		};
		5331758C29B812C3006938A9 /* Build configuration list for PBXNativeTarget "SwiftBassDemo" */ = {
			isa = XCConfigurationList;
			buildConfigurations = (
				5331758D29B812C3006938A9 /* Debug */,
				5331758E29B812C3006938A9 /* Release */,
			);
			defaultConfigurationIsVisible = 0;
			defaultConfigurationName = Release;
		};
/* End XCConfigurationList section */
	};
	rootObject = 5331757529B812C2006938A9 /* Project object */;
}
